
Microsoft Visual Studio Solution File, Format Version 12.00
# Visual Studio Version 17
VisualStudioVersion = 17.3.32901.215
MinimumVisualStudioVersion = 10.0.40219.1
Project("{FAE04EC0-301F-11D3-BF4B-00C04F79EFBC}") = "ConsoleExamples", "ConsoleExamples\ConsoleExamples.csproj", "{1B9B7143-2DF4-4D73-8417-04795401D59A}"
EndProject
Global
	GlobalSection(SolutionConfigurationPlatforms) = preSolution
		Debug|Any CPU = Debug|Any CPU
		Release|Any CPU = Release|Any CPU
	EndGlobalSection
	GlobalSection(ProjectConfigurationPlatforms) = postSolution
		{1B9B7143-2DF4-4D73-8417-04795401D59A}.Debug|Any CPU.ActiveCfg = Debug|Any CPU
		{1B9B7143-2DF4-4D73-8417-04795401D59A}.Debug|Any CPU.Build.0 = Debug|Any CPU
		{1B9B7143-2DF4-4D73-8417-04795401D59A}.Release|Any CPU.ActiveCfg = Release|Any CPU
		{1B9B7143-2DF4-4D73-8417-04795401D59A}.Release|Any CPU.Build.0 = Release|Any CPU
	EndGlobalSection
	GlobalSection(SolutionProperties) = preSolution
		HideSolutionNode = FALSE
	EndGlobalSection
	GlobalSection(ExtensibilityGlobals) = postSolution
		SolutionGuid = {4CAA2B95-9909-4940-963F-801A94DE9230}
	EndGlobalSection
EndGlobal
